{
  "requires": true,
  "lockfileVersion": 1,
  "dependencies": {
    "vuetify": {
      "version": "1.3.1",
      "resolved": "https://registry.npmjs.org/vuetify/-/vuetify-1.3.1.tgz",
      "integrity": "sha512-n2JOEm4T0C4pHzaUSgV1+rAh/cTm2g89YIbLMyfwgencYON0kmr2ulY7vSVsBJGqv5ODDccbCzboXkfEXPYS5Q=="
    }
  }
}
